
Microsoft Visual Studio Solution File, Format Version 12.00
# Visual Studio 15
VisualStudioVersion = 15.0.28010.2041
MinimumVisualStudioVersion = 10.0.40219.1
Project("{FAE04EC0-301F-11D3-BF4B-00C04F79EFBC}") = "IdentityDemo.Center", "IdentityDemo.Center\IdentityDemo.Center.csproj", "{1036A9CB-A985-4AAE-876A-01FE34308AC4}"
EndProject
Project("{FAE04EC0-301F-11D3-BF4B-00C04F79EFBC}") = "IdentityDemo.Client", "IdentityDemo.Client\IdentityDemo.Client.csproj", "{0138A091-3CD1-4408-BD2A-51E1BCC2FDDE}"
EndProject
Global
	GlobalSection(SolutionConfigurationPlatforms) = preSolution
		Debug|Any CPU = Debug|Any CPU
		Release|Any CPU = Release|Any CPU
	EndGlobalSection
	GlobalSection(ProjectConfigurationPlatforms) = postSolution
		{1036A9CB-A985-4AAE-876A-01FE34308AC4}.Debug|Any CPU.ActiveCfg = Debug|Any CPU
		{1036A9CB-A985-4AAE-876A-01FE34308AC4}.Debug|Any CPU.Build.0 = Debug|Any CPU
		{1036A9CB-A985-4AAE-876A-01FE34308AC4}.Release|Any CPU.ActiveCfg = Release|Any CPU
		{1036A9CB-A985-4AAE-876A-01FE34308AC4}.Release|Any CPU.Build.0 = Release|Any CPU
		{0138A091-3CD1-4408-BD2A-51E1BCC2FDDE}.Debug|Any CPU.ActiveCfg = Debug|Any CPU
		{0138A091-3CD1-4408-BD2A-51E1BCC2FDDE}.Debug|Any CPU.Build.0 = Debug|Any CPU
		{0138A091-3CD1-4408-BD2A-51E1BCC2FDDE}.Release|Any CPU.ActiveCfg = Release|Any CPU
		{0138A091-3CD1-4408-BD2A-51E1BCC2FDDE}.Release|Any CPU.Build.0 = Release|Any CPU
	EndGlobalSection
	GlobalSection(SolutionProperties) = preSolution
		HideSolutionNode = FALSE
	EndGlobalSection
	GlobalSection(ExtensibilityGlobals) = postSolution
		SolutionGuid = {78368202-3675-4295-A469-86F47AC0AE09}
	EndGlobalSection
EndGlobal
